
Microsoft Visual Studio Solution File, Format Version 12.00
# Visual Studio Version 16
VisualStudioVersion = 16.0.30907.101
MinimumVisualStudioVersion = 10.0.40219.1
Project("{FAE04EC0-301F-11D3-BF4B-00C04F79EFBC}") = "Content", "Content.csproj", "{0A3A74B6-6C6D-4064-A334-A139AC72A078}"
EndProject
Global
	GlobalSection(SolutionConfigurationPlatforms) = preSolution
		Debug|Any CPU = Debug|Any CPU
		Release|Any CPU = Release|Any CPU
	EndGlobalSection
	GlobalSection(ProjectConfigurationPlatforms) = postSolution
		{0A3A74B6-6C6D-4064-A334-A139AC72A078}.Debug|Any CPU.ActiveCfg = Debug|Any CPU
		{0A3A74B6-6C6D-4064-A334-A139AC72A078}.Debug|Any CPU.Build.0 = Debug|Any CPU
		{0A3A74B6-6C6D-4064-A334-A139AC72A078}.Release|Any CPU.ActiveCfg = Release|Any CPU
		{0A3A74B6-6C6D-4064-A334-A139AC72A078}.Release|Any CPU.Build.0 = Release|Any CPU
	EndGlobalSection
	GlobalSection(SolutionProperties) = preSolution
		HideSolutionNode = FALSE
	EndGlobalSection
	GlobalSection(ExtensibilityGlobals) = postSolution
		SolutionGuid = {F6F16223-8975-400D-8636-FB27567F02E8}
	EndGlobalSection
EndGlobal
